{
    "_readme": [
        "This file locks the dependencies of your project to a known state",
        "Read more about it at https://getcomposer.org/doc/01-basic-usage.md#installing-dependencies",
        "This file is @generated automatically"
    ],
    "content-hash": "46d9f19bfd163ed79f1599e3d4003d00",
    "packages": [
        {
            "name": "league/csv",
            "version": "9.7.0",
            "source": {
                "type": "git",
                "url": "https://github.com/thephpleague/csv.git",
                "reference": "4cacd9c72c4aa8bdbef43315b2ca25c46a0f833f"
            },
            "dist": {
                "type": "zip",
                "url": "https://api.github.com/repos/thephpleague/csv/zipball/4cacd9c72c4aa8bdbef43315b2ca25c46a0f833f",
                "reference": "4cacd9c72c4aa8bdbef43315b2ca25c46a0f833f",
                "shasum": ""
            },
            "require": {
                "ext-json": "*",
                "ext-mbstring": "*",
                "php": "^7.3 || ^8.0"
            },
            "require-dev": {
                "ext-curl": "*",
                "ext-dom": "*",
                "friendsofphp/php-cs-fixer": "^2.16",
                "phpstan/phpstan": "^0.12.0",
                "phpstan/phpstan-phpunit": "^0.12.0",
                "phpstan/phpstan-strict-rules": "^0.12.0",
                "phpunit/phpunit": "^9.5"
            },
            "suggest": {
                "ext-dom": "Required to use the XMLConverter and or the HTMLConverter classes",
                "ext-iconv": "Needed to ease transcoding CSV using iconv stream filters"
            },
            "type": "library",
            "extra": {
                "branch-alias": {
                    "dev-master": "9.x-dev"
                }
            },
            "autoload": {
                "psr-4": {
                    "League\\Csv\\": "src"
                },
                "files": [
                    "src/functions_include.php"
                ]
            },
            "notification-url": "https://packagist.org/downloads/",
            "license": [
                "MIT"
            ],
            "authors": [
                {
                    "name": "Ignace Nyamagana Butera",
                    "email": "nyamsprod@gmail.com",
                    "homepage": "https://github.com/nyamsprod/",
                    "role": "Developer"
                }
            ],
            "description": "CSV data manipulation made easy in PHP",
            "homepage": "http://csv.thephpleague.com",
            "keywords": [
                "convert",
                "csv",
                "export",
                "filter",
                "import",
                "read",
                "transform",
                "write"
            ],
            "support": {
                "docs": "https://csv.thephpleague.com",
                "issues": "https://github.com/thephpleague/csv/issues",
                "rss": "https://github.com/thephpleague/csv/releases.atom",
                "source": "https://github.com/thephpleague/csv"
            },
            "funding": [
                {
                    "url": "https://github.com/sponsors/nyamsprod",
                    "type": "github"
                }
            ],
            "time": "2021-03-26T22:08:10+00:00"
        },
        {
            "name": "symfony/polyfill-ctype",
            "version": "v1.22.1",
            "source": {
                "type": "git",
                "url": "https://github.com/symfony/polyfill-ctype.git",
                "reference": "c6c942b1ac76c82448322025e084cadc56048b4e"
            },
            "dist": {
                "type": "zip",
                "url": "https://api.github.com/repos/symfony/polyfill-ctype/zipball/c6c942b1ac76c82448322025e084cadc56048b4e",
                "reference": "c6c942b1ac76c82448322025e084cadc56048b4e",
                "shasum": ""
            },
            "require": {
                "php": ">=7.1"
            },
            "suggest": {
                "ext-ctype": "For best performance"
            },
            "type": "library",
            "extra": {
                "branch-alias": {
                    "dev-main": "1.22-dev"
                },
                "thanks": {
                    "name": "symfony/polyfill",
                    "url": "https://github.com/symfony/polyfill"
                }
            },
            "autoload": {
                "psr-4": {
                    "Symfony\\Polyfill\\Ctype\\": ""
                },
                "files": [
                    "bootstrap.php"
                ]
            },
            "notification-url": "https://packagist.org/downloads/",
            "license": [
                "MIT"
            ],
            "authors": [
                {
                    "name": "Gert de Pagter",
                    "email": "BackEndTea@gmail.com"
                },
                {
                    "name": "Symfony Community",
                    "homepage": "https://symfony.com/contributors"
                }
            ],
            "description": "Symfony polyfill for ctype functions",
            "homepage": "https://symfony.com",
            "keywords": [
                "compatibility",
                "ctype",
                "polyfill",
                "portable"
            ],
            "support": {
                "source": "https://github.com/symfony/polyfill-ctype/tree/v1.22.1"
            },
            "funding": [
                {
                    "url": "https://symfony.com/sponsor",
                    "type": "custom"
                },
                {
                    "url": "https://github.com/fabpot",
                    "type": "github"
                },
                {
                    "url": "https://tidelift.com/funding/github/packagist/symfony/symfony",
                    "type": "tidelift"
                }
            ],
            "time": "2021-01-07T16:49:33+00:00"
        },
        {
            "name": "vlucas/phpdotenv",
            "version": "v2.6.7",
            "source": {
                "type": "git",
                "url": "https://github.com/vlucas/phpdotenv.git",
                "reference": "b786088918a884258c9e3e27405c6a4cf2ee246e"
            },
            "dist": {
                "type": "zip",
                "url": "https://api.github.com/repos/vlucas/phpdotenv/zipball/b786088918a884258c9e3e27405c6a4cf2ee246e",
                "reference": "b786088918a884258c9e3e27405c6a4cf2ee246e",
                "shasum": ""
            },
            "require": {
                "php": "^5.3.9 || ^7.0 || ^8.0",
                "symfony/polyfill-ctype": "^1.17"
            },
            "require-dev": {
                "ext-filter": "*",
                "ext-pcre": "*",
                "phpunit/phpunit": "^4.8.36 || ^5.7.27 || ^6.5.14 || ^7.5.20"
            },
            "suggest": {
                "ext-filter": "Required to use the boolean validator.",
                "ext-pcre": "Required to use most of the library."
            },
            "type": "library",
            "extra": {
                "branch-alias": {
                    "dev-master": "2.6-dev"
                }
            },
            "autoload": {
                "psr-4": {
                    "Dotenv\\": "src/"
                }
            },
            "notification-url": "https://packagist.org/downloads/",
            "license": [
                "BSD-3-Clause"
            ],
            "authors": [
                {
                    "name": "Graham Campbell",
                    "email": "graham@alt-three.com",
                    "homepage": "https://gjcampbell.co.uk/"
                },
                {
                    "name": "Vance Lucas",
                    "email": "vance@vancelucas.com",
                    "homepage": "https://vancelucas.com/"
                }
            ],
            "description": "Loads environment variables from `.env` to `getenv()`, `$_ENV` and `$_SERVER` automagically.",
            "keywords": [
                "dotenv",
                "env",
                "environment"
            ],
            "support": {
                "issues": "https://github.com/vlucas/phpdotenv/issues",
                "source": "https://github.com/vlucas/phpdotenv/tree/v2.6.7"
            },
            "funding": [
                {
                    "url": "https://github.com/GrahamCampbell",
                    "type": "github"
                },
                {
                    "url": "https://tidelift.com/funding/github/packagist/vlucas/phpdotenv",
                    "type": "tidelift"
                }
            ],
            "time": "2021-01-20T14:39:13+00:00"
        }
    ],
    "packages-dev": [],
    "aliases": [],
    "minimum-stability": "stable",
    "stability-flags": [],
    "prefer-stable": false,
    "prefer-lowest": false,
    "platform": [],
    "platform-dev": [],
    "plugin-api-version": "2.0.0"
}
